
Microsoft Visual Studio Solution File, Format Version 12.00
# Visual Studio Version 16
VisualStudioVersion = 16.0.31410.357
MinimumVisualStudioVersion = 10.0.40219.1
Project("{FAE04EC0-301F-11D3-BF4B-00C04F79EFBC}") = "Bigschool1", "Bigschool1.csproj", "{0853A776-B64B-4221-B462-37B161EFA0FF}"
EndProject
Global
	GlobalSection(SolutionConfigurationPlatforms) = preSolution
		Debug|Any CPU = Debug|Any CPU
		Release|Any CPU = Release|Any CPU
	EndGlobalSection
	GlobalSection(ProjectConfigurationPlatforms) = postSolution
		{0853A776-B64B-4221-B462-37B161EFA0FF}.Debug|Any CPU.ActiveCfg = Debug|Any CPU
		{0853A776-B64B-4221-B462-37B161EFA0FF}.Debug|Any CPU.Build.0 = Debug|Any CPU
		{0853A776-B64B-4221-B462-37B161EFA0FF}.Release|Any CPU.ActiveCfg = Release|Any CPU
		{0853A776-B64B-4221-B462-37B161EFA0FF}.Release|Any CPU.Build.0 = Release|Any CPU
	EndGlobalSection
	GlobalSection(SolutionProperties) = preSolution
		HideSolutionNode = FALSE
	EndGlobalSection
	GlobalSection(ExtensibilityGlobals) = postSolution
		SolutionGuid = {A820C870-5C05-4CBD-81DE-CB062F8A1ECF}
	EndGlobalSection
EndGlobal
